
Microsoft Visual Studio Solution File, Format Version 12.00
# Visual Studio Version 16
VisualStudioVersion = 16.0.29806.167
MinimumVisualStudioVersion = 10.0.40219.1
Project("{FAE04EC0-301F-11D3-BF4B-00C04F79EFBC}") = "Bartolini.Liam.3H.FrazioniGeneratrici", "Bartolini.Liam.3H.FrazioniGeneratrici\Bartolini.Liam.3H.FrazioniGeneratrici.csproj", "{AF94F0E9-590E-4DDB-85BF-1FE4B7DEC5E5}"
EndProject
Global
	GlobalSection(SolutionConfigurationPlatforms) = preSolution
		Debug|Any CPU = Debug|Any CPU
		Release|Any CPU = Release|Any CPU
	EndGlobalSection
	GlobalSection(ProjectConfigurationPlatforms) = postSolution
		{AF94F0E9-590E-4DDB-85BF-1FE4B7DEC5E5}.Debug|Any CPU.ActiveCfg = Debug|Any CPU
		{AF94F0E9-590E-4DDB-85BF-1FE4B7DEC5E5}.Debug|Any CPU.Build.0 = Debug|Any CPU
		{AF94F0E9-590E-4DDB-85BF-1FE4B7DEC5E5}.Release|Any CPU.ActiveCfg = Release|Any CPU
		{AF94F0E9-590E-4DDB-85BF-1FE4B7DEC5E5}.Release|Any CPU.Build.0 = Release|Any CPU
	EndGlobalSection
	GlobalSection(SolutionProperties) = preSolution
		HideSolutionNode = FALSE
	EndGlobalSection
	GlobalSection(ExtensibilityGlobals) = postSolution
		SolutionGuid = {FDF06FFF-6EBA-4CEE-8ACE-E58C1D76AA32}
	EndGlobalSection
EndGlobal
